// !$*UTF8*$!
{
	archiveVersion = 1;
	classes = {
	};
	objectVersion = 46;
	objects = {

/* Begin PBXBuildFile section */
		9D4DB43819FC35B8003901CF /* PLMediaInfo.m in Sources */ = {isa = PBXBuildFile; fileRef = 9D4DB43719FC35B8003901CF /* PLMediaInfo.m */; };
		9D4DB43919FC35B8003901CF /* PLMediaInfo.m in Sources */ = {isa = PBXBuildFile; fileRef = 9D4DB43719FC35B8003901CF /* PLMediaInfo.m */; };
		9D4DB44119FC80D9003901CF /* UIColor+Popular.m in Sources */ = {isa = PBXBuildFile; fileRef = 9D4DB44019FC80D9003901CF /* UIColor+Popular.m */; };
		9D4DB44219FC80D9003901CF /* UIColor+Popular.m in Sources */ = {isa = PBXBuildFile; fileRef = 9D4DB44019FC80D9003901CF /* UIColor+Popular.m */; };
		9D69498F19FCC9E500A2B28A /* PLLoginViewController.m in Sources */ = {isa = PBXBuildFile; fileRef = 9D69498E19FCC9E500A2B28A /* PLLoginViewController.m */; };
		9DEDE3BC19FB8E9F00B1F4C5 /* main.m in Sources */ = {isa = PBXBuildFile; fileRef = 9DEDE3BB19FB8E9F00B1F4C5 /* main.m */; };
		9DEDE3C519FB8E9F00B1F4C5 /* Main.storyboard in Resources */ = {isa = PBXBuildFile; fileRef = 9DEDE3C319FB8E9F00B1F4C5 /* Main.storyboard */; };
		9DEDE3C719FB8E9F00B1F4C5 /* Images.xcassets in Resources */ = {isa = PBXBuildFile; fileRef = 9DEDE3C619FB8E9F00B1F4C5 /* Images.xcassets */; };
		9DEDE3CA19FB8E9F00B1F4C5 /* LaunchScreen.xib in Resources */ = {isa = PBXBuildFile; fileRef = 9DEDE3C819FB8E9F00B1F4C5 /* LaunchScreen.xib */; };
		9DEDE3D619FB8E9F00B1F4C5 /* PopularTests.m in Sources */ = {isa = PBXBuildFile; fileRef = 9DEDE3D519FB8E9F00B1F4C5 /* PopularTests.m */; };
		9DEDE3E219FB904300B1F4C5 /* AppDelegate.m in Sources */ = {isa = PBXBuildFile; fileRef = 9DEDE3E119FB904300B1F4C5 /* AppDelegate.m */; };
		9DEDE3E719FB916600B1F4C5 /* RootViewController.m in Sources */ = {isa = PBXBuildFile; fileRef = 9DEDE3E619FB916600B1F4C5 /* RootViewController.m */; };
		9DEDE3EA19FB925F00B1F4C5 /* PLDataModel.m in Sources */ = {isa = PBXBuildFile; fileRef = 9DEDE3E919FB925F00B1F4C5 /* PLDataModel.m */; };
		9DEDE3EB19FB925F00B1F4C5 /* PLDataModel.m in Sources */ = {isa = PBXBuildFile; fileRef = 9DEDE3E919FB925F00B1F4C5 /* PLDataModel.m */; };
/* End PBXBuildFile section */

/* Begin PBXContainerItemProxy section */
		9DEDE3D019FB8E9F00B1F4C5 /* PBXContainerItemProxy */ = {
			isa = PBXContainerItemProxy;
			containerPortal = 9DEDE3AE19FB8E9F00B1F4C5 /* Project object */;
			proxyType = 1;
			remoteGlobalIDString = 9DEDE3B519FB8E9F00B1F4C5;
			remoteInfo = Popular;
		};
/* End PBXContainerItemProxy section */

/* Begin PBXFileReference section */
		9D4DB43619FC35B8003901CF /* PLMediaInfo.h */ = {isa = PBXFileReference; fileEncoding = 4; lastKnownFileType = sourcecode.c.h; name = PLMediaInfo.h; path = Source/Model/PLMediaInfo.h; sourceTree = "<group>"; };
		9D4DB43719FC35B8003901CF /* PLMediaInfo.m */ = {isa = PBXFileReference; fileEncoding = 4; lastKnownFileType = sourcecode.c.objc; name = PLMediaInfo.m; path = Source/Model/PLMediaInfo.m; sourceTree = "<group>"; };
		9D4DB43F19FC80D9003901CF /* UIColor+Popular.h */ = {isa = PBXFileReference; fileEncoding = 4; lastKnownFileType = sourcecode.c.h; name = "UIColor+Popular.h"; path = "Source/Utility Classes/UIColor+Popular.h"; sourceTree = "<group>"; };
		9D4DB44019FC80D9003901CF /* UIColor+Popular.m */ = {isa = PBXFileReference; fileEncoding = 4; lastKnownFileType = sourcecode.c.objc; name = "UIColor+Popular.m"; path = "Source/Utility Classes/UIColor+Popular.m"; sourceTree = "<group>"; };
		9D69498D19FCC9E500A2B28A /* PLLoginViewController.h */ = {isa = PBXFileReference; fileEncoding = 4; lastKnownFileType = sourcecode.c.h; name = PLLoginViewController.h; path = Source/ViewControllers/PLLoginViewController.h; sourceTree = "<group>"; };
		9D69498E19FCC9E500A2B28A /* PLLoginViewController.m */ = {isa = PBXFileReference; fileEncoding = 4; lastKnownFileType = sourcecode.c.objc; name = PLLoginViewController.m; path = Source/ViewControllers/PLLoginViewController.m; sourceTree = "<group>"; };
		9DEDE3B619FB8E9F00B1F4C5 /* Popular.app */ = {isa = PBXFileReference; explicitFileType = wrapper.application; includeInIndex = 0; path = Popular.app; sourceTree = BUILT_PRODUCTS_DIR; };
		9DEDE3BA19FB8E9F00B1F4C5 /* Info.plist */ = {isa = PBXFileReference; lastKnownFileType = text.plist.xml; path = Info.plist; sourceTree = "<group>"; };
		9DEDE3BB19FB8E9F00B1F4C5 /* main.m */ = {isa = PBXFileReference; lastKnownFileType = sourcecode.c.objc; path = main.m; sourceTree = "<group>"; };
		9DEDE3C419FB8E9F00B1F4C5 /* Base */ = {isa = PBXFileReference; lastKnownFileType = file.storyboard; name = Base; path = Base.lproj/Main.storyboard; sourceTree = "<group>"; };
		9DEDE3C619FB8E9F00B1F4C5 /* Images.xcassets */ = {isa = PBXFileReference; lastKnownFileType = folder.assetcatalog; path = Images.xcassets; sourceTree = "<group>"; };
		9DEDE3C919FB8E9F00B1F4C5 /* Base */ = {isa = PBXFileReference; lastKnownFileType = file.xib; name = Base; path = Base.lproj/LaunchScreen.xib; sourceTree = "<group>"; };
		9DEDE3CF19FB8E9F00B1F4C5 /* PopularTests.xctest */ = {isa = PBXFileReference; explicitFileType = wrapper.cfbundle; includeInIndex = 0; path = PopularTests.xctest; sourceTree = BUILT_PRODUCTS_DIR; };
		9DEDE3D419FB8E9F00B1F4C5 /* Info.plist */ = {isa = PBXFileReference; lastKnownFileType = text.plist.xml; path = Info.plist; sourceTree = "<group>"; };
		9DEDE3D519FB8E9F00B1F4C5 /* PopularTests.m */ = {isa = PBXFileReference; lastKnownFileType = sourcecode.c.objc; path = PopularTests.m; sourceTree = "<group>"; };
		9DEDE3E019FB904300B1F4C5 /* AppDelegate.h */ = {isa = PBXFileReference; fileEncoding = 4; lastKnownFileType = sourcecode.c.h; name = AppDelegate.h; path = Source/AppDelegate.h; sourceTree = "<group>"; };
		9DEDE3E119FB904300B1F4C5 /* AppDelegate.m */ = {isa = PBXFileReference; fileEncoding = 4; lastKnownFileType = sourcecode.c.objc; name = AppDelegate.m; path = Source/AppDelegate.m; sourceTree = "<group>"; };
		9DEDE3E519FB916600B1F4C5 /* RootViewController.h */ = {isa = PBXFileReference; fileEncoding = 4; lastKnownFileType = sourcecode.c.h; name = RootViewController.h; path = Source/ViewControllers/RootViewController.h; sourceTree = "<group>"; };
		9DEDE3E619FB916600B1F4C5 /* RootViewController.m */ = {isa = PBXFileReference; fileEncoding = 4; lastKnownFileType = sourcecode.c.objc; name = RootViewController.m; path = Source/ViewControllers/RootViewController.m; sourceTree = "<group>"; };
		9DEDE3E819FB925F00B1F4C5 /* PLDataModel.h */ = {isa = PBXFileReference; fileEncoding = 4; lastKnownFileType = sourcecode.c.h; name = PLDataModel.h; path = Source/Model/PLDataModel.h; sourceTree = "<group>"; };
		9DEDE3E919FB925F00B1F4C5 /* PLDataModel.m */ = {isa = PBXFileReference; fileEncoding = 4; lastKnownFileType = sourcecode.c.objc; name = PLDataModel.m; path = Source/Model/PLDataModel.m; sourceTree = "<group>"; };
/* End PBXFileReference section */

/* Begin PBXFrameworksBuildPhase section */
		9DEDE3B319FB8E9F00B1F4C5 /* Frameworks */ = {
			isa = PBXFrameworksBuildPhase;
			buildActionMask = 2147483647;
			files = (
			);
			runOnlyForDeploymentPostprocessing = 0;
		};
		9DEDE3CC19FB8E9F00B1F4C5 /* Frameworks */ = {
			isa = PBXFrameworksBuildPhase;
			buildActionMask = 2147483647;
			files = (
			);
			runOnlyForDeploymentPostprocessing = 0;
		};
/* End PBXFrameworksBuildPhase section */

/* Begin PBXGroup section */
		9D4DB43E19FC8065003901CF /* Utility Classes */ = {
			isa = PBXGroup;
			children = (
				9D4DB43F19FC80D9003901CF /* UIColor+Popular.h */,
				9D4DB44019FC80D9003901CF /* UIColor+Popular.m */,
			);
			name = "Utility Classes";
			sourceTree = "<group>";
		};
		9DEDE3AD19FB8E9F00B1F4C5 = {
			isa = PBXGroup;
			children = (
				9DEDE3B819FB8E9F00B1F4C5 /* Popular */,
				9DEDE3D219FB8E9F00B1F4C5 /* PopularTests */,
				9DEDE3B719FB8E9F00B1F4C5 /* Products */,
			);
			sourceTree = "<group>";
		};
		9DEDE3B719FB8E9F00B1F4C5 /* Products */ = {
			isa = PBXGroup;
			children = (
				9DEDE3B619FB8E9F00B1F4C5 /* Popular.app */,
				9DEDE3CF19FB8E9F00B1F4C5 /* PopularTests.xctest */,
			);
			name = Products;
			sourceTree = "<group>";
		};
		9DEDE3B819FB8E9F00B1F4C5 /* Popular */ = {
			isa = PBXGroup;
			children = (
				9DEDE3C319FB8E9F00B1F4C5 /* Main.storyboard */,
				9DEDE3C619FB8E9F00B1F4C5 /* Images.xcassets */,
				9DEDE3C819FB8E9F00B1F4C5 /* LaunchScreen.xib */,
				9DEDE3DF19FB901E00B1F4C5 /* ApplicationDelegate */,
				9DEDE3E319FB909100B1F4C5 /* ViewControllers */,
				9DEDE3E419FB910200B1F4C5 /* Model */,
				9D4DB43E19FC8065003901CF /* Utility Classes */,
				9DEDE3B919FB8E9F00B1F4C5 /* Supporting Files */,
			);
			path = Popular;
			sourceTree = "<group>";
		};
		9DEDE3B919FB8E9F00B1F4C5 /* Supporting Files */ = {
			isa = PBXGroup;
			children = (
				9DEDE3BA19FB8E9F00B1F4C5 /* Info.plist */,
				9DEDE3BB19FB8E9F00B1F4C5 /* main.m */,
			);
			name = "Supporting Files";
			sourceTree = "<group>";
		};
		9DEDE3D219FB8E9F00B1F4C5 /* PopularTests */ = {
			isa = PBXGroup;
			children = (
				9DEDE3D519FB8E9F00B1F4C5 /* PopularTests.m */,
				9DEDE3D319FB8E9F00B1F4C5 /* Supporting Files */,
			);
			path = PopularTests;
			sourceTree = "<group>";
		};
		9DEDE3D319FB8E9F00B1F4C5 /* Supporting Files */ = {
			isa = PBXGroup;
			children = (
				9DEDE3D419FB8E9F00B1F4C5 /* Info.plist */,
			);
			name = "Supporting Files";
			sourceTree = "<group>";
		};
		9DEDE3DF19FB901E00B1F4C5 /* ApplicationDelegate */ = {
			isa = PBXGroup;
			children = (
				9DEDE3E019FB904300B1F4C5 /* AppDelegate.h */,
				9DEDE3E119FB904300B1F4C5 /* AppDelegate.m */,
			);
			name = ApplicationDelegate;
			sourceTree = "<group>";
		};
		9DEDE3E319FB909100B1F4C5 /* ViewControllers */ = {
			isa = PBXGroup;
			children = (
				9DEDE3E519FB916600B1F4C5 /* RootViewController.h */,
				9DEDE3E619FB916600B1F4C5 /* RootViewController.m */,
				9D69498D19FCC9E500A2B28A /* PLLoginViewController.h */,
				9D69498E19FCC9E500A2B28A /* PLLoginViewController.m */,
			);
			name = ViewControllers;
			sourceTree = "<group>";
		};
		9DEDE3E419FB910200B1F4C5 /* Model */ = {
			isa = PBXGroup;
			children = (
				9DEDE3E819FB925F00B1F4C5 /* PLDataModel.h */,
				9DEDE3E919FB925F00B1F4C5 /* PLDataModel.m */,
				9D4DB43619FC35B8003901CF /* PLMediaInfo.h */,
				9D4DB43719FC35B8003901CF /* PLMediaInfo.m */,
			);
			name = Model;
			sourceTree = "<group>";
		};
/* End PBXGroup section */

/* Begin PBXNativeTarget section */
		9DEDE3B519FB8E9F00B1F4C5 /* Popular */ = {
			isa = PBXNativeTarget;
			buildConfigurationList = 9DEDE3D919FB8E9F00B1F4C5 /* Build configuration list for PBXNativeTarget "Popular" */;
			buildPhases = (
				9DEDE3B219FB8E9F00B1F4C5 /* Sources */,
				9DEDE3B319FB8E9F00B1F4C5 /* Frameworks */,
				9DEDE3B419FB8E9F00B1F4C5 /* Resources */,
			);
			buildRules = (
			);
			dependencies = (
			);
			name = Popular;
			productName = Popular;
			productReference = 9DEDE3B619FB8E9F00B1F4C5 /* Popular.app */;
			productType = "com.apple.product-type.application";
		};
		9DEDE3CE19FB8E9F00B1F4C5 /* PopularTests */ = {
			isa = PBXNativeTarget;
			buildConfigurationList = 9DEDE3DC19FB8E9F00B1F4C5 /* Build configuration list for PBXNativeTarget "PopularTests" */;
			buildPhases = (
				9DEDE3CB19FB8E9F00B1F4C5 /* Sources */,
				9DEDE3CC19FB8E9F00B1F4C5 /* Frameworks */,
				9DEDE3CD19FB8E9F00B1F4C5 /* Resources */,
			);
			buildRules = (
			);
			dependencies = (
				9DEDE3D119FB8E9F00B1F4C5 /* PBXTargetDependency */,
			);
			name = PopularTests;
			productName = PopularTests;
			productReference = 9DEDE3CF19FB8E9F00B1F4C5 /* PopularTests.xctest */;
			productType = "com.apple.product-type.bundle.unit-test";
		};
/* End PBXNativeTarget section */

/* Begin PBXProject section */
		9DEDE3AE19FB8E9F00B1F4C5 /* Project object */ = {
			isa = PBXProject;
			attributes = {
				LastUpgradeCheck = 0610;
				ORGANIZATIONNAME = "Kumar Summan";
				TargetAttributes = {
					9DEDE3B519FB8E9F00B1F4C5 = {
						CreatedOnToolsVersion = 6.1;
					};
					9DEDE3CE19FB8E9F00B1F4C5 = {
						CreatedOnToolsVersion = 6.1;
						TestTargetID = 9DEDE3B519FB8E9F00B1F4C5;
					};
				};
			};
			buildConfigurationList = 9DEDE3B119FB8E9F00B1F4C5 /* Build configuration list for PBXProject "Popular" */;
			compatibilityVersion = "Xcode 3.2";
			developmentRegion = English;
			hasScannedForEncodings = 0;
			knownRegions = (
				en,
				Base,
			);
			mainGroup = 9DEDE3AD19FB8E9F00B1F4C5;
			productRefGroup = 9DEDE3B719FB8E9F00B1F4C5 /* Products */;
			projectDirPath = "";
			projectRoot = "";
			targets = (
				9DEDE3B519FB8E9F00B1F4C5 /* Popular */,
				9DEDE3CE19FB8E9F00B1F4C5 /* PopularTests */,
			);
		};
/* End PBXProject section */

/* Begin PBXResourcesBuildPhase section */
		9DEDE3B419FB8E9F00B1F4C5 /* Resources */ = {
			isa = PBXResourcesBuildPhase;
			buildActionMask = 2147483647;
			files = (
				9DEDE3C519FB8E9F00B1F4C5 /* Main.storyboard in Resources */,
				9DEDE3CA19FB8E9F00B1F4C5 /* LaunchScreen.xib in Resources */,
				9DEDE3C719FB8E9F00B1F4C5 /* Images.xcassets in Resources */,
			);
			runOnlyForDeploymentPostprocessing = 0;
		};
		9DEDE3CD19FB8E9F00B1F4C5 /* Resources */ = {
			isa = PBXResourcesBuildPhase;
			buildActionMask = 2147483647;
			files = (
			);
			runOnlyForDeploymentPostprocessing = 0;
		};
/* End PBXResourcesBuildPhase section */

/* Begin PBXSourcesBuildPhase section */
		9DEDE3B219FB8E9F00B1F4C5 /* Sources */ = {
			isa = PBXSourcesBuildPhase;
			buildActionMask = 2147483647;
			files = (
				9D69498F19FCC9E500A2B28A /* PLLoginViewController.m in Sources */,
				9DEDE3E719FB916600B1F4C5 /* RootViewController.m in Sources */,
				9DEDE3E219FB904300B1F4C5 /* AppDelegate.m in Sources */,
				9DEDE3BC19FB8E9F00B1F4C5 /* main.m in Sources */,
				9D4DB43819FC35B8003901CF /* PLMediaInfo.m in Sources */,
				9D4DB44119FC80D9003901CF /* UIColor+Popular.m in Sources */,
				9DEDE3EA19FB925F00B1F4C5 /* PLDataModel.m in Sources */,
			);
			runOnlyForDeploymentPostprocessing = 0;
		};
		9DEDE3CB19FB8E9F00B1F4C5 /* Sources */ = {
			isa = PBXSourcesBuildPhase;
			buildActionMask = 2147483647;
			files = (
				9DEDE3D619FB8E9F00B1F4C5 /* PopularTests.m in Sources */,
				9D4DB44219FC80D9003901CF /* UIColor+Popular.m in Sources */,
				9D4DB43919FC35B8003901CF /* PLMediaInfo.m in Sources */,
				9DEDE3EB19FB925F00B1F4C5 /* PLDataModel.m in Sources */,
			);
			runOnlyForDeploymentPostprocessing = 0;
		};
/* End PBXSourcesBuildPhase section */

/* Begin PBXTargetDependency section */
		9DEDE3D119FB8E9F00B1F4C5 /* PBXTargetDependency */ = {
			isa = PBXTargetDependency;
			target = 9DEDE3B519FB8E9F00B1F4C5 /* Popular */;
			targetProxy = 9DEDE3D019FB8E9F00B1F4C5 /* PBXContainerItemProxy */;
		};
/* End PBXTargetDependency section */

/* Begin PBXVariantGroup section */
		9DEDE3C319FB8E9F00B1F4C5 /* Main.storyboard */ = {
			isa = PBXVariantGroup;
			children = (
				9DEDE3C419FB8E9F00B1F4C5 /* Base */,
			);
			name = Main.storyboard;
			sourceTree = "<group>";
		};
		9DEDE3C819FB8E9F00B1F4C5 /* LaunchScreen.xib */ = {
			isa = PBXVariantGroup;
			children = (
				9DEDE3C919FB8E9F00B1F4C5 /* Base */,
			);
			name = LaunchScreen.xib;
			sourceTree = "<group>";
		};
/* End PBXVariantGroup section */

/* Begin XCBuildConfiguration section */
		9DEDE3D719FB8E9F00B1F4C5 /* Debug */ = {
			isa = XCBuildConfiguration;
			buildSettings = {
				ALWAYS_SEARCH_USER_PATHS = NO;
				CLANG_CXX_LANGUAGE_STANDARD = "gnu++0x";
				CLANG_CXX_LIBRARY = "libc++";
				CLANG_ENABLE_MODULES = YES;
				CLANG_ENABLE_OBJC_ARC = YES;
				CLANG_WARN_BOOL_CONVERSION = YES;
				CLANG_WARN_CONSTANT_CONVERSION = YES;
				CLANG_WARN_DIRECT_OBJC_ISA_USAGE = YES_ERROR;
				CLANG_WARN_EMPTY_BODY = YES;
				CLANG_WARN_ENUM_CONVERSION = YES;
				CLANG_WARN_INT_CONVERSION = YES;
				CLANG_WARN_OBJC_ROOT_CLASS = YES_ERROR;
				CLANG_WARN_UNREACHABLE_CODE = YES;
				CLANG_WARN__DUPLICATE_METHOD_MATCH = YES;
				"CODE_SIGN_IDENTITY[sdk=iphoneos*]" = "iPhone Developer";
				COPY_PHASE_STRIP = NO;
				ENABLE_STRICT_OBJC_MSGSEND = YES;
				GCC_C_LANGUAGE_STANDARD = gnu99;
				GCC_DYNAMIC_NO_PIC = NO;
				GCC_OPTIMIZATION_LEVEL = 0;
				GCC_PREPROCESSOR_DEFINITIONS = (
					"DEBUG=1",
					"$(inherited)",
				);
				GCC_SYMBOLS_PRIVATE_EXTERN = NO;
				GCC_WARN_64_TO_32_BIT_CONVERSION = YES;
				GCC_WARN_ABOUT_RETURN_TYPE = YES_ERROR;
				GCC_WARN_UNDECLARED_SELECTOR = YES;
				GCC_WARN_UNINITIALIZED_AUTOS = YES_AGGRESSIVE;
				GCC_WARN_UNUSED_FUNCTION = YES;
				GCC_WARN_UNUSED_VARIABLE = YES;
				IPHONEOS_DEPLOYMENT_TARGET = 8.0;
				MTL_ENABLE_DEBUG_INFO = YES;
				ONLY_ACTIVE_ARCH = YES;
				SDKROOT = iphoneos;
				TARGETED_DEVICE_FAMILY = "1,2";
			};
			name = Debug;
		};
		9DEDE3D819FB8E9F00B1F4C5 /* Release */ = {
			isa = XCBuildConfiguration;
			buildSettings = {
				ALWAYS_SEARCH_USER_PATHS = NO;
				CLANG_CXX_LANGUAGE_STANDARD = "gnu++0x";
				CLANG_CXX_LIBRARY = "libc++";
				CLANG_ENABLE_MODULES = YES;
				CLANG_ENABLE_OBJC_ARC = YES;
				CLANG_WARN_BOOL_CONVERSION = YES;
				CLANG_WARN_CONSTANT_CONVERSION = YES;
				CLANG_WARN_DIRECT_OBJC_ISA_USAGE = YES_ERROR;
				CLANG_WARN_EMPTY_BODY = YES;
				CLANG_WARN_ENUM_CONVERSION = YES;
				CLANG_WARN_INT_CONVERSION = YES;
				CLANG_WARN_OBJC_ROOT_CLASS = YES_ERROR;
				CLANG_WARN_UNREACHABLE_CODE = YES;
				CLANG_WARN__DUPLICATE_METHOD_MATCH = YES;
				"CODE_SIGN_IDENTITY[sdk=iphoneos*]" = "iPhone Developer";
				COPY_PHASE_STRIP = YES;
				ENABLE_NS_ASSERTIONS = NO;
				ENABLE_STRICT_OBJC_MSGSEND = YES;
				GCC_C_LANGUAGE_STANDARD = gnu99;
				GCC_WARN_64_TO_32_BIT_CONVERSION = YES;
				GCC_WARN_ABOUT_RETURN_TYPE = YES_ERROR;
				GCC_WARN_UNDECLARED_SELECTOR = YES;
				GCC_WARN_UNINITIALIZED_AUTOS = YES_AGGRESSIVE;
				GCC_WARN_UNUSED_FUNCTION = YES;
				GCC_WARN_UNUSED_VARIABLE = YES;
				IPHONEOS_DEPLOYMENT_TARGET = 8.0;
				MTL_ENABLE_DEBUG_INFO = NO;
				SDKROOT = iphoneos;
				TARGETED_DEVICE_FAMILY = "1,2";
				VALIDATE_PRODUCT = YES;
			};
			name = Release;
		};
		9DEDE3DA19FB8E9F00B1F4C5 /* Debug */ = {
			isa = XCBuildConfiguration;
			buildSettings = {
				ASSETCATALOG_COMPILER_APPICON_NAME = AppIcon;
				INFOPLIST_FILE = Popular/Info.plist;
				IPHONEOS_DEPLOYMENT_TARGET = 8.0;
				LD_RUNPATH_SEARCH_PATHS = "$(inherited) @executable_path/Frameworks";
				PRODUCT_NAME = "$(TARGET_NAME)";
			};
			name = Debug;
		};
		9DEDE3DB19FB8E9F00B1F4C5 /* Release */ = {
			isa = XCBuildConfiguration;
			buildSettings = {
				ASSETCATALOG_COMPILER_APPICON_NAME = AppIcon;
				INFOPLIST_FILE = Popular/Info.plist;
				IPHONEOS_DEPLOYMENT_TARGET = 8.0;
				LD_RUNPATH_SEARCH_PATHS = "$(inherited) @executable_path/Frameworks";
				PRODUCT_NAME = "$(TARGET_NAME)";
			};
			name = Release;
		};
		9DEDE3DD19FB8E9F00B1F4C5 /* Debug */ = {
			isa = XCBuildConfiguration;
			buildSettings = {
				BUNDLE_LOADER = "$(TEST_HOST)";
				FRAMEWORK_SEARCH_PATHS = (
					"$(SDKROOT)/Developer/Library/Frameworks",
					"$(inherited)",
				);
				GCC_PREPROCESSOR_DEFINITIONS = (
					"DEBUG=1",
					"$(inherited)",
				);
				INFOPLIST_FILE = PopularTests/Info.plist;
				LD_RUNPATH_SEARCH_PATHS = "$(inherited) @executable_path/Frameworks @loader_path/Frameworks";
				PRODUCT_NAME = "$(TARGET_NAME)";
				TEST_HOST = "$(BUILT_PRODUCTS_DIR)/Popular.app/Popular";
			};
			name = Debug;
		};
		9DEDE3DE19FB8E9F00B1F4C5 /* Release */ = {
			isa = XCBuildConfiguration;
			buildSettings = {
				BUNDLE_LOADER = "$(TEST_HOST)";
				FRAMEWORK_SEARCH_PATHS = (
					"$(SDKROOT)/Developer/Library/Frameworks",
					"$(inherited)",
				);
				INFOPLIST_FILE = PopularTests/Info.plist;
				LD_RUNPATH_SEARCH_PATHS = "$(inherited) @executable_path/Frameworks @loader_path/Frameworks";
				PRODUCT_NAME = "$(TARGET_NAME)";
				TEST_HOST = "$(BUILT_PRODUCTS_DIR)/Popular.app/Popular";
			};
			name = Release;
		};
/* End XCBuildConfiguration section */

/* Begin XCConfigurationList section */
		9DEDE3B119FB8E9F00B1F4C5 /* Build configuration list for PBXProject "Popular" */ = {
			isa = XCConfigurationList;
			buildConfigurations = (
				9DEDE3D719FB8E9F00B1F4C5 /* Debug */,
				9DEDE3D819FB8E9F00B1F4C5 /* Release */,
			);
			defaultConfigurationIsVisible = 0;
			defaultConfigurationName = Release;
		};
		9DEDE3D919FB8E9F00B1F4C5 /* Build configuration list for PBXNativeTarget "Popular" */ = {
			isa = XCConfigurationList;
			buildConfigurations = (
				9DEDE3DA19FB8E9F00B1F4C5 /* Debug */,
				9DEDE3DB19FB8E9F00B1F4C5 /* Release */,
			);
			defaultConfigurationIsVisible = 0;
			defaultConfigurationName = Release;
		};
		9DEDE3DC19FB8E9F00B1F4C5 /* Build configuration list for PBXNativeTarget "PopularTests" */ = {
			isa = XCConfigurationList;
			buildConfigurations = (
				9DEDE3DD19FB8E9F00B1F4C5 /* Debug */,
				9DEDE3DE19FB8E9F00B1F4C5 /* Release */,
			);
			defaultConfigurationIsVisible = 0;
			defaultConfigurationName = Release;
		};
/* End XCConfigurationList section */
	};
	rootObject = 9DEDE3AE19FB8E9F00B1F4C5 /* Project object */;
}
